
Microsoft Visual Studio Solution File, Format Version 12.00
# Visual Studio 15
VisualStudioVersion = 15.0.28307.902
MinimumVisualStudioVersion = 10.0.40219.1
Project("{FAE04EC0-301F-11D3-BF4B-00C04F79EFBC}") = "ConsoleBotAutoSenderToLoesk", "ConsoleBotAutoSenderToLoesk\ConsoleBotAutoSenderToLoesk.csproj", "{7FC085C1-498E-4C8D-964E-04F2D7693231}"
EndProject
Project("{FAE04EC0-301F-11D3-BF4B-00C04F79EFBC}") = "WebLoeskBot", "WebLoeskBot\WebLoeskBot.csproj", "{788DD9DE-C830-4BCF-988E-F1A854A2F6BB}"
EndProject
Global
	GlobalSection(SolutionConfigurationPlatforms) = preSolution
		Debug|Any CPU = Debug|Any CPU
		Release|Any CPU = Release|Any CPU
	EndGlobalSection
	GlobalSection(ProjectConfigurationPlatforms) = postSolution
		{7FC085C1-498E-4C8D-964E-04F2D7693231}.Debug|Any CPU.ActiveCfg = Debug|Any CPU
		{7FC085C1-498E-4C8D-964E-04F2D7693231}.Debug|Any CPU.Build.0 = Debug|Any CPU
		{7FC085C1-498E-4C8D-964E-04F2D7693231}.Release|Any CPU.ActiveCfg = Release|Any CPU
		{7FC085C1-498E-4C8D-964E-04F2D7693231}.Release|Any CPU.Build.0 = Release|Any CPU
		{788DD9DE-C830-4BCF-988E-F1A854A2F6BB}.Debug|Any CPU.ActiveCfg = Debug|Any CPU
		{788DD9DE-C830-4BCF-988E-F1A854A2F6BB}.Debug|Any CPU.Build.0 = Debug|Any CPU
		{788DD9DE-C830-4BCF-988E-F1A854A2F6BB}.Release|Any CPU.ActiveCfg = Release|Any CPU
		{788DD9DE-C830-4BCF-988E-F1A854A2F6BB}.Release|Any CPU.Build.0 = Release|Any CPU
	EndGlobalSection
	GlobalSection(SolutionProperties) = preSolution
		HideSolutionNode = FALSE
	EndGlobalSection
	GlobalSection(ExtensibilityGlobals) = postSolution
		SolutionGuid = {CFCF50F5-F851-41CE-84CF-D09B1CE5A01D}
	EndGlobalSection
EndGlobal
