
Microsoft Visual Studio Solution File, Format Version 12.00
# Visual Studio Version 16
VisualStudioVersion = 16.0.31005.135
MinimumVisualStudioVersion = 10.0.40219.1
Project("{9A19103F-16F7-4668-BE54-9A1E7A4F7556}") = "ConsoleBotMiners", "ConsoleBotMiners\ConsoleBotMiners.csproj", "{3219876B-90C0-47CB-BB73-4F62D6496470}"
EndProject
Project("{9A19103F-16F7-4668-BE54-9A1E7A4F7556}") = "BotCore", "BotCore\BotCore.csproj", "{2CB2296C-5B2C-4C38-ADC2-7E1B06A3A90F}"
EndProject
Project("{FAE04EC0-301F-11D3-BF4B-00C04F79EFBC}") = "NanopoolApi", "..\..\NanopoolApi\NanopoolApi\NanopoolApi.csproj", "{24B0896B-8233-4586-8F5E-56F2BC400EA2}"
EndProject
Project("{FAE04EC0-301F-11D3-BF4B-00C04F79EFBC}") = "ClientForPool", "ClientForPool\ClientForPool.csproj", "{31B06708-9FC6-4849-B715-4445940C48F3}"
EndProject
Project("{FAE04EC0-301F-11D3-BF4B-00C04F79EFBC}") = "ClientForPool.Tests", "Tests\ClientForPool.Tests\ClientForPool.Tests.csproj", "{A5C9D91D-7664-4DF3-A6E5-C073551E14DA}"
EndProject
Global
	GlobalSection(SolutionConfigurationPlatforms) = preSolution
		Debug|Any CPU = Debug|Any CPU
		Release|Any CPU = Release|Any CPU
	EndGlobalSection
	GlobalSection(ProjectConfigurationPlatforms) = postSolution
		{3219876B-90C0-47CB-BB73-4F62D6496470}.Debug|Any CPU.ActiveCfg = Debug|Any CPU
		{3219876B-90C0-47CB-BB73-4F62D6496470}.Debug|Any CPU.Build.0 = Debug|Any CPU
		{3219876B-90C0-47CB-BB73-4F62D6496470}.Release|Any CPU.ActiveCfg = Release|Any CPU
		{3219876B-90C0-47CB-BB73-4F62D6496470}.Release|Any CPU.Build.0 = Release|Any CPU
		{2CB2296C-5B2C-4C38-ADC2-7E1B06A3A90F}.Debug|Any CPU.ActiveCfg = Debug|Any CPU
		{2CB2296C-5B2C-4C38-ADC2-7E1B06A3A90F}.Debug|Any CPU.Build.0 = Debug|Any CPU
		{2CB2296C-5B2C-4C38-ADC2-7E1B06A3A90F}.Release|Any CPU.ActiveCfg = Release|Any CPU
		{2CB2296C-5B2C-4C38-ADC2-7E1B06A3A90F}.Release|Any CPU.Build.0 = Release|Any CPU
		{24B0896B-8233-4586-8F5E-56F2BC400EA2}.Debug|Any CPU.ActiveCfg = Debug|Any CPU
		{24B0896B-8233-4586-8F5E-56F2BC400EA2}.Debug|Any CPU.Build.0 = Debug|Any CPU
		{24B0896B-8233-4586-8F5E-56F2BC400EA2}.Release|Any CPU.ActiveCfg = Release|Any CPU
		{24B0896B-8233-4586-8F5E-56F2BC400EA2}.Release|Any CPU.Build.0 = Release|Any CPU
		{31B06708-9FC6-4849-B715-4445940C48F3}.Debug|Any CPU.ActiveCfg = Debug|Any CPU
		{31B06708-9FC6-4849-B715-4445940C48F3}.Debug|Any CPU.Build.0 = Debug|Any CPU
		{31B06708-9FC6-4849-B715-4445940C48F3}.Release|Any CPU.ActiveCfg = Release|Any CPU
		{31B06708-9FC6-4849-B715-4445940C48F3}.Release|Any CPU.Build.0 = Release|Any CPU
		{A5C9D91D-7664-4DF3-A6E5-C073551E14DA}.Debug|Any CPU.ActiveCfg = Debug|Any CPU
		{A5C9D91D-7664-4DF3-A6E5-C073551E14DA}.Debug|Any CPU.Build.0 = Debug|Any CPU
		{A5C9D91D-7664-4DF3-A6E5-C073551E14DA}.Release|Any CPU.ActiveCfg = Release|Any CPU
		{A5C9D91D-7664-4DF3-A6E5-C073551E14DA}.Release|Any CPU.Build.0 = Release|Any CPU
	EndGlobalSection
	GlobalSection(SolutionProperties) = preSolution
		HideSolutionNode = FALSE
	EndGlobalSection
	GlobalSection(ExtensibilityGlobals) = postSolution
		SolutionGuid = {712F7142-00A2-4ADA-A1DE-A8414E5BAEDE}
	EndGlobalSection
EndGlobal
