
Microsoft Visual Studio Solution File, Format Version 12.00
# Visual Studio 15
VisualStudioVersion = 15.0.28307.902
MinimumVisualStudioVersion = 10.0.40219.1
Project("{FAE04EC0-301F-11D3-BF4B-00C04F79EFBC}") = "WebApplication", "WebApplication\WebApplication.csproj", "{D6700987-9ED6-477B-8819-342BFD6C6B93}"
EndProject
Global
	GlobalSection(SolutionConfigurationPlatforms) = preSolution
		Debug|Any CPU = Debug|Any CPU
		Release|Any CPU = Release|Any CPU
	EndGlobalSection
	GlobalSection(ProjectConfigurationPlatforms) = postSolution
		{D6700987-9ED6-477B-8819-342BFD6C6B93}.Debug|Any CPU.ActiveCfg = Debug|Any CPU
		{D6700987-9ED6-477B-8819-342BFD6C6B93}.Debug|Any CPU.Build.0 = Debug|Any CPU
		{D6700987-9ED6-477B-8819-342BFD6C6B93}.Release|Any CPU.ActiveCfg = Release|Any CPU
		{D6700987-9ED6-477B-8819-342BFD6C6B93}.Release|Any CPU.Build.0 = Release|Any CPU
	EndGlobalSection
	GlobalSection(SolutionProperties) = preSolution
		HideSolutionNode = FALSE
	EndGlobalSection
	GlobalSection(ExtensibilityGlobals) = postSolution
		SolutionGuid = {EA777DD9-295C-4182-9E12-E7F5807CAF66}
	EndGlobalSection
EndGlobal
