
Microsoft Visual Studio Solution File, Format Version 12.00
# Visual Studio 15
VisualStudioVersion = 15.0.28307.1000
MinimumVisualStudioVersion = 10.0.40219.1
Project("{FAE04EC0-301F-11D3-BF4B-00C04F79EFBC}") = "StaffTimes", "StaffTimes\StaffTimes.csproj", "{6BC03A59-1F72-4C71-B8FF-64CFB9F77A0C}"
EndProject
Project("{FAE04EC0-301F-11D3-BF4B-00C04F79EFBC}") = "Core", "Core\Core.csproj", "{BA326119-044A-433B-A2CE-5AECB344DD07}"
EndProject
Project("{FAE04EC0-301F-11D3-BF4B-00C04F79EFBC}") = "XUnitTest.Core", "XUnitTest.Core\XUnitTest.Core.csproj", "{0C2351B4-0224-4DDB-9E5B-B100991E5E7D}"
EndProject
Global
	GlobalSection(SolutionConfigurationPlatforms) = preSolution
		Debug|Any CPU = Debug|Any CPU
		Release|Any CPU = Release|Any CPU
	EndGlobalSection
	GlobalSection(ProjectConfigurationPlatforms) = postSolution
		{6BC03A59-1F72-4C71-B8FF-64CFB9F77A0C}.Debug|Any CPU.ActiveCfg = Debug|Any CPU
		{6BC03A59-1F72-4C71-B8FF-64CFB9F77A0C}.Debug|Any CPU.Build.0 = Debug|Any CPU
		{6BC03A59-1F72-4C71-B8FF-64CFB9F77A0C}.Release|Any CPU.ActiveCfg = Release|Any CPU
		{6BC03A59-1F72-4C71-B8FF-64CFB9F77A0C}.Release|Any CPU.Build.0 = Release|Any CPU
		{BA326119-044A-433B-A2CE-5AECB344DD07}.Debug|Any CPU.ActiveCfg = Debug|Any CPU
		{BA326119-044A-433B-A2CE-5AECB344DD07}.Debug|Any CPU.Build.0 = Debug|Any CPU
		{BA326119-044A-433B-A2CE-5AECB344DD07}.Release|Any CPU.ActiveCfg = Release|Any CPU
		{BA326119-044A-433B-A2CE-5AECB344DD07}.Release|Any CPU.Build.0 = Release|Any CPU
		{0C2351B4-0224-4DDB-9E5B-B100991E5E7D}.Debug|Any CPU.ActiveCfg = Debug|Any CPU
		{0C2351B4-0224-4DDB-9E5B-B100991E5E7D}.Debug|Any CPU.Build.0 = Debug|Any CPU
		{0C2351B4-0224-4DDB-9E5B-B100991E5E7D}.Release|Any CPU.ActiveCfg = Release|Any CPU
		{0C2351B4-0224-4DDB-9E5B-B100991E5E7D}.Release|Any CPU.Build.0 = Release|Any CPU
	EndGlobalSection
	GlobalSection(SolutionProperties) = preSolution
		HideSolutionNode = FALSE
	EndGlobalSection
	GlobalSection(ExtensibilityGlobals) = postSolution
		SolutionGuid = {D4BC3713-2851-43F0-ADB8-BA4D745BDD47}
	EndGlobalSection
EndGlobal
