
Microsoft Visual Studio Solution File, Format Version 12.00
# Visual Studio Version 16
VisualStudioVersion = 16.0.30804.86
MinimumVisualStudioVersion = 10.0.40219.1
Project("{2150E333-8FDC-42A3-9474-1A3956D46DE8}") = "Web", "Web", "{5A3077B6-40E8-4F38-8C1C-7BA5D4C6294C}"
EndProject
Project("{2150E333-8FDC-42A3-9474-1A3956D46DE8}") = "Tests", "Tests", "{D449BFF4-585E-4C4B-9DCD-7FE10EBC7B21}"
EndProject
Project("{9A19103F-16F7-4668-BE54-9A1E7A4F7556}") = "WebTrader", "Web\WebTrader\WebTrader.csproj", "{36F4B682-E0A8-4CB7-99D8-A4C5932059A0}"
EndProject
Project("{FAE04EC0-301F-11D3-BF4B-00C04F79EFBC}") = "WindowsFormApp", "Trade.WinForm\WindowsFormApp.csproj", "{104CD03F-1779-47B1-8311-D752DFCC5658}"
EndProject
Project("{2150E333-8FDC-42A3-9474-1A3956D46DE8}") = "Exchange", "Exchange", "{E2FB190C-3A3F-4E9B-8141-3852184F106E}"
EndProject
Project("{FAE04EC0-301F-11D3-BF4B-00C04F79EFBC}") = "Binance.API.Csharp.Client", "Binance.API.Csharp.Client-master\Binance.API.Csharp.Client\Binance.API.Csharp.Client.csproj", "{EC2A020E-338A-46EE-9D08-C158CBD49C92}"
EndProject
Project("{FAE04EC0-301F-11D3-BF4B-00C04F79EFBC}") = "Binance.API.Csharp.Client.Domain", "Binance.API.Csharp.Client-master\Binance.API.Csharp.Client.Domain\Binance.API.Csharp.Client.Domain.csproj", "{E255F763-A2FE-43A8-9331-019796C935C7}"
EndProject
Project("{FAE04EC0-301F-11D3-BF4B-00C04F79EFBC}") = "Binance.API.Csharp.Client.Models", "Binance.API.Csharp.Client-master\Binance.API.Csharp.Client.Models\Binance.API.Csharp.Client.Models.csproj", "{7CF40EB8-D81D-40B5-B849-17E5662175D6}"
EndProject
Project("{FAE04EC0-301F-11D3-BF4B-00C04F79EFBC}") = "Binance.API.Csharp.Client.Test", "Binance.API.Csharp.Client-master\Binance.API.Csharp.Client.Test\Binance.API.Csharp.Client.Test.csproj", "{2075E2F5-3870-4D17-B1BD-790369C68572}"
EndProject
Project("{FAE04EC0-301F-11D3-BF4B-00C04F79EFBC}") = "Trader", "Trade.Core\Trader.csproj", "{A295F422-FAC3-49A3-8E68-BA0B3FED7CC0}"
EndProject
Project("{FAE04EC0-301F-11D3-BF4B-00C04F79EFBC}") = "HitBtcApi", "HitBtc.Api\HitBtcApi\HitBtcApi.csproj", "{6D9F1850-7513-4BC6-9488-C89CEE17159E}"
EndProject
Project("{9A19103F-16F7-4668-BE54-9A1E7A4F7556}") = "AnalyticalCenter", "AnalyticalCenter\AnalyticalCenter.csproj", "{C1CEEC68-F5B6-4EFE-B4B0-2B10C6050DC7}"
EndProject
Project("{FAE04EC0-301F-11D3-BF4B-00C04F79EFBC}") = "ConfigurationWinForms", "ConfigurationWinForms\ConfigurationWinForms.csproj", "{D997CCE8-1C76-4AB2-B52F-7FAA24E5D141}"
EndProject
Project("{9A19103F-16F7-4668-BE54-9A1E7A4F7556}") = "TelegaBot", "TelegaBot\TelegaBot.csproj", "{B5F1020A-D59E-458C-A949-11B20E104D11}"
EndProject
Project("{FAE04EC0-301F-11D3-BF4B-00C04F79EFBC}") = "ConsoleStart", "ConsoleStart\ConsoleStart.csproj", "{E4F097DE-FA35-4107-A14F-4B2495B3FFFE}"
EndProject
Global
	GlobalSection(SolutionConfigurationPlatforms) = preSolution
		Debug|Any CPU = Debug|Any CPU
		Release|Any CPU = Release|Any CPU
	EndGlobalSection
	GlobalSection(ProjectConfigurationPlatforms) = postSolution
		{36F4B682-E0A8-4CB7-99D8-A4C5932059A0}.Debug|Any CPU.ActiveCfg = Debug|Any CPU
		{36F4B682-E0A8-4CB7-99D8-A4C5932059A0}.Debug|Any CPU.Build.0 = Debug|Any CPU
		{36F4B682-E0A8-4CB7-99D8-A4C5932059A0}.Release|Any CPU.ActiveCfg = Release|Any CPU
		{36F4B682-E0A8-4CB7-99D8-A4C5932059A0}.Release|Any CPU.Build.0 = Release|Any CPU
		{104CD03F-1779-47B1-8311-D752DFCC5658}.Debug|Any CPU.ActiveCfg = Debug|Any CPU
		{104CD03F-1779-47B1-8311-D752DFCC5658}.Debug|Any CPU.Build.0 = Debug|Any CPU
		{104CD03F-1779-47B1-8311-D752DFCC5658}.Release|Any CPU.ActiveCfg = Release|Any CPU
		{104CD03F-1779-47B1-8311-D752DFCC5658}.Release|Any CPU.Build.0 = Release|Any CPU
		{EC2A020E-338A-46EE-9D08-C158CBD49C92}.Debug|Any CPU.ActiveCfg = Debug|Any CPU
		{EC2A020E-338A-46EE-9D08-C158CBD49C92}.Debug|Any CPU.Build.0 = Debug|Any CPU
		{EC2A020E-338A-46EE-9D08-C158CBD49C92}.Release|Any CPU.ActiveCfg = Release|Any CPU
		{EC2A020E-338A-46EE-9D08-C158CBD49C92}.Release|Any CPU.Build.0 = Release|Any CPU
		{E255F763-A2FE-43A8-9331-019796C935C7}.Debug|Any CPU.ActiveCfg = Debug|Any CPU
		{E255F763-A2FE-43A8-9331-019796C935C7}.Debug|Any CPU.Build.0 = Debug|Any CPU
		{E255F763-A2FE-43A8-9331-019796C935C7}.Release|Any CPU.ActiveCfg = Release|Any CPU
		{E255F763-A2FE-43A8-9331-019796C935C7}.Release|Any CPU.Build.0 = Release|Any CPU
		{7CF40EB8-D81D-40B5-B849-17E5662175D6}.Debug|Any CPU.ActiveCfg = Debug|Any CPU
		{7CF40EB8-D81D-40B5-B849-17E5662175D6}.Debug|Any CPU.Build.0 = Debug|Any CPU
		{7CF40EB8-D81D-40B5-B849-17E5662175D6}.Release|Any CPU.ActiveCfg = Release|Any CPU
		{7CF40EB8-D81D-40B5-B849-17E5662175D6}.Release|Any CPU.Build.0 = Release|Any CPU
		{2075E2F5-3870-4D17-B1BD-790369C68572}.Debug|Any CPU.ActiveCfg = Debug|Any CPU
		{2075E2F5-3870-4D17-B1BD-790369C68572}.Debug|Any CPU.Build.0 = Debug|Any CPU
		{2075E2F5-3870-4D17-B1BD-790369C68572}.Release|Any CPU.ActiveCfg = Release|Any CPU
		{2075E2F5-3870-4D17-B1BD-790369C68572}.Release|Any CPU.Build.0 = Release|Any CPU
		{A295F422-FAC3-49A3-8E68-BA0B3FED7CC0}.Debug|Any CPU.ActiveCfg = Debug|Any CPU
		{A295F422-FAC3-49A3-8E68-BA0B3FED7CC0}.Debug|Any CPU.Build.0 = Debug|Any CPU
		{A295F422-FAC3-49A3-8E68-BA0B3FED7CC0}.Release|Any CPU.ActiveCfg = Release|Any CPU
		{A295F422-FAC3-49A3-8E68-BA0B3FED7CC0}.Release|Any CPU.Build.0 = Release|Any CPU
		{6D9F1850-7513-4BC6-9488-C89CEE17159E}.Debug|Any CPU.ActiveCfg = Debug|Any CPU
		{6D9F1850-7513-4BC6-9488-C89CEE17159E}.Debug|Any CPU.Build.0 = Debug|Any CPU
		{6D9F1850-7513-4BC6-9488-C89CEE17159E}.Release|Any CPU.ActiveCfg = Release|Any CPU
		{6D9F1850-7513-4BC6-9488-C89CEE17159E}.Release|Any CPU.Build.0 = Release|Any CPU
		{C1CEEC68-F5B6-4EFE-B4B0-2B10C6050DC7}.Debug|Any CPU.ActiveCfg = Debug|Any CPU
		{C1CEEC68-F5B6-4EFE-B4B0-2B10C6050DC7}.Debug|Any CPU.Build.0 = Debug|Any CPU
		{C1CEEC68-F5B6-4EFE-B4B0-2B10C6050DC7}.Release|Any CPU.ActiveCfg = Release|Any CPU
		{C1CEEC68-F5B6-4EFE-B4B0-2B10C6050DC7}.Release|Any CPU.Build.0 = Release|Any CPU
		{D997CCE8-1C76-4AB2-B52F-7FAA24E5D141}.Debug|Any CPU.ActiveCfg = Debug|Any CPU
		{D997CCE8-1C76-4AB2-B52F-7FAA24E5D141}.Debug|Any CPU.Build.0 = Debug|Any CPU
		{D997CCE8-1C76-4AB2-B52F-7FAA24E5D141}.Release|Any CPU.ActiveCfg = Release|Any CPU
		{D997CCE8-1C76-4AB2-B52F-7FAA24E5D141}.Release|Any CPU.Build.0 = Release|Any CPU
		{B5F1020A-D59E-458C-A949-11B20E104D11}.Debug|Any CPU.ActiveCfg = Debug|Any CPU
		{B5F1020A-D59E-458C-A949-11B20E104D11}.Debug|Any CPU.Build.0 = Debug|Any CPU
		{B5F1020A-D59E-458C-A949-11B20E104D11}.Release|Any CPU.ActiveCfg = Release|Any CPU
		{B5F1020A-D59E-458C-A949-11B20E104D11}.Release|Any CPU.Build.0 = Release|Any CPU
		{E4F097DE-FA35-4107-A14F-4B2495B3FFFE}.Debug|Any CPU.ActiveCfg = Debug|Any CPU
		{E4F097DE-FA35-4107-A14F-4B2495B3FFFE}.Debug|Any CPU.Build.0 = Debug|Any CPU
		{E4F097DE-FA35-4107-A14F-4B2495B3FFFE}.Release|Any CPU.ActiveCfg = Release|Any CPU
		{E4F097DE-FA35-4107-A14F-4B2495B3FFFE}.Release|Any CPU.Build.0 = Release|Any CPU
	EndGlobalSection
	GlobalSection(SolutionProperties) = preSolution
		HideSolutionNode = FALSE
	EndGlobalSection
	GlobalSection(NestedProjects) = preSolution
		{36F4B682-E0A8-4CB7-99D8-A4C5932059A0} = {5A3077B6-40E8-4F38-8C1C-7BA5D4C6294C}
		{EC2A020E-338A-46EE-9D08-C158CBD49C92} = {E2FB190C-3A3F-4E9B-8141-3852184F106E}
		{E255F763-A2FE-43A8-9331-019796C935C7} = {E2FB190C-3A3F-4E9B-8141-3852184F106E}
		{7CF40EB8-D81D-40B5-B849-17E5662175D6} = {E2FB190C-3A3F-4E9B-8141-3852184F106E}
		{2075E2F5-3870-4D17-B1BD-790369C68572} = {D449BFF4-585E-4C4B-9DCD-7FE10EBC7B21}
		{6D9F1850-7513-4BC6-9488-C89CEE17159E} = {E2FB190C-3A3F-4E9B-8141-3852184F106E}
		{B5F1020A-D59E-458C-A949-11B20E104D11} = {5A3077B6-40E8-4F38-8C1C-7BA5D4C6294C}
	EndGlobalSection
	GlobalSection(ExtensibilityGlobals) = postSolution
		SolutionGuid = {16782E8B-AA3F-49E7-840E-BE93A724D61D}
	EndGlobalSection
EndGlobal
